
Microsoft Visual Studio Solution File, Format Version 12.00
# Visual Studio Version 16
VisualStudioVersion = 16.0.808.4
MinimumVisualStudioVersion = 10.0.40219.1
Project("{FAE04EC0-301F-11D3-BF4B-00C04F79EFBC}") = "Blackjack-csharp", "Blackjack-csharp\Blackjack-csharp.csproj", "{5A013A4F-9F32-4227-88C0-7172368006B1}"
EndProject
Global
	GlobalSection(SolutionConfigurationPlatforms) = preSolution
		Debug|Any CPU = Debug|Any CPU
		Release|Any CPU = Release|Any CPU
	EndGlobalSection
	GlobalSection(ProjectConfigurationPlatforms) = postSolution
		{5A013A4F-9F32-4227-88C0-7172368006B1}.Debug|Any CPU.ActiveCfg = Debug|Any CPU
		{5A013A4F-9F32-4227-88C0-7172368006B1}.Debug|Any CPU.Build.0 = Debug|Any CPU
		{5A013A4F-9F32-4227-88C0-7172368006B1}.Release|Any CPU.ActiveCfg = Release|Any CPU
		{5A013A4F-9F32-4227-88C0-7172368006B1}.Release|Any CPU.Build.0 = Release|Any CPU
	EndGlobalSection
	GlobalSection(SolutionProperties) = preSolution
		HideSolutionNode = FALSE
	EndGlobalSection
	GlobalSection(ExtensibilityGlobals) = postSolution
		SolutionGuid = {8699913D-8209-4F23-BAC4-606F7D24AD99}
	EndGlobalSection
EndGlobal
